
Microsoft Visual Studio Solution File, Format Version 12.00
# Visual Studio 15
VisualStudioVersion = 15.0.27130.2024
MinimumVisualStudioVersion = 10.0.40219.1
Project("{8BC9CEB8-8B4A-11D0-8D11-00A0C91BC942}") = "CIS2013_Week09_Homework1", "CIS2013_Week09_Homework1\CIS2013_Week09_Homework1.vcxproj", "{E1CAFF06-C0B7-496B-B49A-BCDE9EA7D237}"
EndProject
Global
	GlobalSection(SolutionConfigurationPlatforms) = preSolution
		Debug|x64 = Debug|x64
		Debug|x86 = Debug|x86
		Release|x64 = Release|x64
		Release|x86 = Release|x86
	EndGlobalSection
	GlobalSection(ProjectConfigurationPlatforms) = postSolution
		{E1CAFF06-C0B7-496B-B49A-BCDE9EA7D237}.Debug|x64.ActiveCfg = Debug|x64
		{E1CAFF06-C0B7-496B-B49A-BCDE9EA7D237}.Debug|x64.Build.0 = Debug|x64
		{E1CAFF06-C0B7-496B-B49A-BCDE9EA7D237}.Debug|x86.ActiveCfg = Debug|Win32
		{E1CAFF06-C0B7-496B-B49A-BCDE9EA7D237}.Debug|x86.Build.0 = Debug|Win32
		{E1CAFF06-C0B7-496B-B49A-BCDE9EA7D237}.Release|x64.ActiveCfg = Release|x64
		{E1CAFF06-C0B7-496B-B49A-BCDE9EA7D237}.Release|x64.Build.0 = Release|x64
		{E1CAFF06-C0B7-496B-B49A-BCDE9EA7D237}.Release|x86.ActiveCfg = Release|Win32
		{E1CAFF06-C0B7-496B-B49A-BCDE9EA7D237}.Release|x86.Build.0 = Release|Win32
	EndGlobalSection
	GlobalSection(SolutionProperties) = preSolution
		HideSolutionNode = FALSE
	EndGlobalSection
	GlobalSection(ExtensibilityGlobals) = postSolution
		SolutionGuid = {BBA7E2FC-D122-454C-BE60-587EAC439631}
	EndGlobalSection
EndGlobal
